Microsoft Visual Studio Solution File, Format Version 12.00
# Visual Studio Version 17
VisualStudioVersion = 17.5.2.0
MinimumVisualStudioVersion = 10.0.40219.1
Project("{FAE04EC0-301F-11D3-BF4B-00C04F79EFBC}") = "backen", "backen\backen.csproj", "{BAD3C4CE-801B-7EDD-15EE-14E4E6EE37DC}"
EndProject
Global
	GlobalSection(SolutionConfigurationPlatforms) = preSolution
		Debug|Any CPU = Debug|Any CPU
		Release|Any CPU = Release|Any CPU
	EndGlobalSection
	GlobalSection(ProjectConfigurationPlatforms) = postSolution
		{BAD3C4CE-801B-7EDD-15EE-14E4E6EE37DC}.Debug|Any CPU.ActiveCfg = Debug|Any CPU
		{BAD3C4CE-801B-7EDD-15EE-14E4E6EE37DC}.Debug|Any CPU.Build.0 = Debug|Any CPU
		{BAD3C4CE-801B-7EDD-15EE-14E4E6EE37DC}.Release|Any CPU.ActiveCfg = Release|Any CPU
		{BAD3C4CE-801B-7EDD-15EE-14E4E6EE37DC}.Release|Any CPU.Build.0 = Release|Any CPU
	EndGlobalSection
	GlobalSection(SolutionProperties) = preSolution
		HideSolutionNode = FALSE
	EndGlobalSection
	GlobalSection(ExtensibilityGlobals) = postSolution
		SolutionGuid = {0EF5D6BD-E38B-4D38-827D-407C13FF3711}
	EndGlobalSection
EndGlobal
